PODS:
  - AppCenter (3.0.0):
    - AppCenter/Analytics (= 3.0.0)
    - AppCenter/Crashes (= 3.0.0)
  - AppCenter/Analytics (3.0.0):
    - AppCenter/Core
  - AppCenter/Core (3.0.0)
  - AppCenter/Crashes (3.0.0):
    - AppCenter/Core
  - AppCenter/Distribute (3.0.0):
    - AppCenter/Core
  - SnapKit (5.0.1)

DEPENDENCIES:
  - AppCenter
  - AppCenter/Distribute
  - SnapKit (~> 5.0.0)

SPEC REPOS:
  trunk:
    - AppCenter
    - SnapKit

SPEC CHECKSUMS:
  AppCenter: 7a0bbe928d07467ac8b2d7f6f2a675872a6471d8
  SnapKit: 97b92857e3df3a0c71833cce143274bf6ef8e5eb

PODFILE CHECKSUM: 777b7b7f24ac4b08958044aa81a43121a8897a7b

COCOAPODS: 1.9.1
