// !$*UTF8*$!
{
	archiveVersion = 1;
	classes = {
	};
	objectVersion = 51;
	objects = {

/* Begin PBXBuildFile section */
		63527D8E24225D0A002B21C5 /* UIStackView + Util.swift in Sources */ = {isa = PBXBuildFile; fileRef = 63527D8D24225D0A002B21C5 /* UIStackView + Util.swift */; };
		63527D9024226049002B21C5 /* FormRadioButton.swift in Sources */ = {isa = PBXBuildFile; fileRef = 63527D8F24226049002B21C5 /* FormRadioButton.swift */; };
		63527D9224226E50002B21C5 /* FormInputSection.swift in Sources */ = {isa = PBXBuildFile; fileRef = 63527D9124226E50002B21C5 /* FormInputSection.swift */; };
		63527D9424226FCD002B21C5 /* FormTextField.swift in Sources */ = {isa = PBXBuildFile; fileRef = 63527D9324226FCD002B21C5 /* FormTextField.swift */; };
		63527D96242283EC002B21C5 /* FormCheckBoxGroup.swift in Sources */ = {isa = PBXBuildFile; fileRef = 63527D95242283EC002B21C5 /* FormCheckBoxGroup.swift */; };
		63527D982422919E002B21C5 /* FormDatePicker.swift in Sources */ = {isa = PBXBuildFile; fileRef = 63527D972422919E002B21C5 /* FormDatePicker.swift */; };
		63527D9A24229AB4002B21C5 /* RegisteredData.swift in Sources */ = {isa = PBXBuildFile; fileRef = 63527D9924229AB4002B21C5 /* RegisteredData.swift */; };
		63527D9C2422A3CD002B21C5 /* SummaryView.swift in Sources */ = {isa = PBXBuildFile; fileRef = 63527D9B2422A3CD002B21C5 /* SummaryView.swift */; };
		63527D9E2422B0FF002B21C5 /* Collections + Util.swift in Sources */ = {isa = PBXBuildFile; fileRef = 63527D9D2422B0FF002B21C5 /* Collections + Util.swift */; };
		63527DA02422B642002B21C5 /* FadingScrollView.swift in Sources */ = {isa = PBXBuildFile; fileRef = 63527D9F2422B642002B21C5 /* FadingScrollView.swift */; };
		63527DA2242379CA002B21C5 /* LocalDataManager.swift in Sources */ = {isa = PBXBuildFile; fileRef = 63527DA1242379CA002B21C5 /* LocalDataManager.swift */; };
		6368F0CC24212E430010C071 /* Default-568h@2x.png in Resources */ = {isa = PBXBuildFile; fileRef = 6368F0CB24212E420010C071 /* Default-568h@2x.png */; };
		6368F0CF242135F30010C071 /* UIColor + Util.swift in Sources */ = {isa = PBXBuildFile; fileRef = 6368F0CE242135F30010C071 /* UIColor + Util.swift */; };
		6368F10B24213F2E0010C071 /* Barlow-ThinItalic.ttf in Resources */ = {isa = PBXBuildFile; fileRef = 6368F0F924213F2E0010C071 /* Barlow-ThinItalic.ttf */; };
		6368F10C24213F2E0010C071 /* Barlow-ExtraLight.ttf in Resources */ = {isa = PBXBuildFile; fileRef = 6368F0FA24213F2E0010C071 /* Barlow-ExtraLight.ttf */; };
		6368F10D24213F2E0010C071 /* Barlow-BlackItalic.ttf in Resources */ = {isa = PBXBuildFile; fileRef = 6368F0FB24213F2E0010C071 /* Barlow-BlackItalic.ttf */; };
		6368F10E24213F2E0010C071 /* Barlow-Italic.ttf in Resources */ = {isa = PBXBuildFile; fileRef = 6368F0FC24213F2E0010C071 /* Barlow-Italic.ttf */; };
		6368F10F24213F2E0010C071 /* Barlow-Light.ttf in Resources */ = {isa = PBXBuildFile; fileRef = 6368F0FD24213F2E0010C071 /* Barlow-Light.ttf */; };
		6368F11024213F2E0010C071 /* Barlow-Black.ttf in Resources */ = {isa = PBXBuildFile; fileRef = 6368F0FE24213F2E0010C071 /* Barlow-Black.ttf */; };
		6368F11124213F2E0010C071 /* Barlow-ExtraBoldItalic.ttf in Resources */ = {isa = PBXBuildFile; fileRef = 6368F0FF24213F2E0010C071 /* Barlow-ExtraBoldItalic.ttf */; };
		6368F11224213F2E0010C071 /* Barlow-SemiBold.ttf in Resources */ = {isa = PBXBuildFile; fileRef = 6368F10024213F2E0010C071 /* Barlow-SemiBold.ttf */; };
		6368F11324213F2E0010C071 /* Barlow-SemiBoldItalic.ttf in Resources */ = {isa = PBXBuildFile; fileRef = 6368F10124213F2E0010C071 /* Barlow-SemiBoldItalic.ttf */; };
		6368F11424213F2E0010C071 /* Barlow-Thin.ttf in Resources */ = {isa = PBXBuildFile; fileRef = 6368F10224213F2E0010C071 /* Barlow-Thin.ttf */; };
		6368F11524213F2E0010C071 /* Barlow-LightItalic.ttf in Resources */ = {isa = PBXBuildFile; fileRef = 6368F10324213F2E0010C071 /* Barlow-LightItalic.ttf */; };
		6368F11624213F2E0010C071 /* Barlow-ExtraBold.ttf in Resources */ = {isa = PBXBuildFile; fileRef = 6368F10424213F2E0010C071 /* Barlow-ExtraBold.ttf */; };
		6368F11724213F2E0010C071 /* Barlow-Regular.ttf in Resources */ = {isa = PBXBuildFile; fileRef = 6368F10524213F2E0010C071 /* Barlow-Regular.ttf */; };
		6368F11824213F2E0010C071 /* Barlow-Bold.ttf in Resources */ = {isa = PBXBuildFile; fileRef = 6368F10624213F2E0010C071 /* Barlow-Bold.ttf */; };
		6368F11924213F2E0010C071 /* Barlow-BoldItalic.ttf in Resources */ = {isa = PBXBuildFile; fileRef = 6368F10724213F2E0010C071 /* Barlow-BoldItalic.ttf */; };
		6368F11A24213F2E0010C071 /* Barlow-ExtraLightItalic.ttf in Resources */ = {isa = PBXBuildFile; fileRef = 6368F10824213F2E0010C071 /* Barlow-ExtraLightItalic.ttf */; };
		6368F11B24213F2E0010C071 /* Barlow-Medium.ttf in Resources */ = {isa = PBXBuildFile; fileRef = 6368F10924213F2E0010C071 /* Barlow-Medium.ttf */; };
		6368F11C24213F2E0010C071 /* Barlow-MediumItalic.ttf in Resources */ = {isa = PBXBuildFile; fileRef = 6368F10A24213F2E0010C071 /* Barlow-MediumItalic.ttf */; };
		6368F11E242144040010C071 /* UIFont + Util.swift in Sources */ = {isa = PBXBuildFile; fileRef = 6368F11D242144040010C071 /* UIFont + Util.swift */; };
		6368F1202421454E0010C071 /* LocationTrackingViewController.swift in Sources */ = {isa = PBXBuildFile; fileRef = 6368F11F2421454E0010C071 /* LocationTrackingViewController.swift */; };
		6368F1222421455F0010C071 /* SymptomsViewController.swift in Sources */ = {isa = PBXBuildFile; fileRef = 6368F1212421455F0010C071 /* SymptomsViewController.swift */; };
		6368F1242421456A0010C071 /* ShareViewController.swift in Sources */ = {isa = PBXBuildFile; fileRef = 6368F1232421456A0010C071 /* ShareViewController.swift */; };
		6368F126242145F90010C071 /* UIEdgeInsets + Util.swift in Sources */ = {isa = PBXBuildFile; fileRef = 6368F125242145F90010C071 /* UIEdgeInsets + Util.swift */; };
		6368F128242146B30010C071 /* UILabel + Util.swift in Sources */ = {isa = PBXBuildFile; fileRef = 6368F127242146B30010C071 /* UILabel + Util.swift */; };
		6368F12D242237440010C071 /* InfoBadge.swift in Sources */ = {isa = PBXBuildFile; fileRef = 6368F12C242237440010C071 /* InfoBadge.swift */; };
		6368F12F242238640010C071 /* UIImageView + Util.swift in Sources */ = {isa = PBXBuildFile; fileRef = 6368F12E242238640010C071 /* UIImageView + Util.swift */; };
		6368F131242239360010C071 /* UIView + Util.swift in Sources */ = {isa = PBXBuildFile; fileRef = 6368F130242239360010C071 /* UIView + Util.swift */; };
		6368F13324223EAD0010C071 /* UIViewController + Util.swift in Sources */ = {isa = PBXBuildFile; fileRef = 6368F13224223EAD0010C071 /* UIViewController + Util.swift */; };
		6368F135242240AC0010C071 /* MainButton.swift in Sources */ = {isa = PBXBuildFile; fileRef = 6368F134242240AC0010C071 /* MainButton.swift */; };
		6368F137242242E40010C071 /* UIControl + Util.swift in Sources */ = {isa = PBXBuildFile; fileRef = 6368F136242242E40010C071 /* UIControl + Util.swift */; };
		6368F139242253D60010C071 /* RegistrationForm.swift in Sources */ = {isa = PBXBuildFile; fileRef = 6368F138242253D60010C071 /* RegistrationForm.swift */; };
		B058781D28D6684AA55E16A6 /* Pods_Covid19.framework in Frameworks */ = {isa = PBXBuildFile; fileRef = 92715C682D31244C504DE276 /* Pods_Covid19.framework */; };
		D35398EA788E343BEFDBA985 /* Pods_Covid19Tests.framework in Frameworks */ = {isa = PBXBuildFile; fileRef = BBD482D618109C3BD53474AD /* Pods_Covid19Tests.framework */; };
		DC112C6424224DE6007A3C09 /* Configuration.swift in Sources */ = {isa = PBXBuildFile; fileRef = DC112C6324224DE6007A3C09 /* Configuration.swift */; };
		DCF3D7102421214600671399 /* AppDelegate.swift in Sources */ = {isa = PBXBuildFile; fileRef = DCF3D70F2421214600671399 /* AppDelegate.swift */; };
		DCF3D7142421214600671399 /* TabBarController.swift in Sources */ = {isa = PBXBuildFile; fileRef = DCF3D7132421214600671399 /* TabBarController.swift */; };
		DCF3D7192421214700671399 /* Assets.xcassets in Resources */ = {isa = PBXBuildFile; fileRef = DCF3D7182421214700671399 /* Assets.xcassets */; };
		DCF3D71C2421214700671399 /* LaunchScreen.storyboard in Resources */ = {isa = PBXBuildFile; fileRef = DCF3D71A2421214700671399 /* LaunchScreen.storyboard */; };
		DCF3D7272421214700671399 /* Covid19Tests.swift in Sources */ = {isa = PBXBuildFile; fileRef = DCF3D7262421214700671399 /* Covid19Tests.swift */; };
/* End PBXBuildFile section */

/* Begin PBXContainerItemProxy section */
		DCF3D7232421214700671399 /* PBXContainerItemProxy */ = {
			isa = PBXContainerItemProxy;
			containerPortal = DCF3D7042421214600671399 /* Project object */;
			proxyType = 1;
			remoteGlobalIDString = DCF3D70B2421214600671399;
			remoteInfo = Covid19;
		};
/* End PBXContainerItemProxy section */

/* Begin PBXFileReference section */
		022945E09DA313894CA9BFFD /* Pods-Covid19Tests.debug.xcconfig */ = {isa = PBXFileReference; includeInIndex = 1; lastKnownFileType = text.xcconfig; name = "Pods-Covid19Tests.debug.xcconfig"; path = "Target Support Files/Pods-Covid19Tests/Pods-Covid19Tests.debug.xcconfig"; sourceTree = "<group>"; };
		5C639BF04F0B1C69DC5F324D /* Pods-Covid19Tests.release appstore.xcconfig */ = {isa = PBXFileReference; includeInIndex = 1; lastKnownFileType = text.xcconfig; name = "Pods-Covid19Tests.release appstore.xcconfig"; path = "Target Support Files/Pods-Covid19Tests/Pods-Covid19Tests.release appstore.xcconfig"; sourceTree = "<group>"; };
		63527D8D24225D0A002B21C5 /* UIStackView + Util.swift */ = {isa = PBXFileReference; lastKnownFileType = sourcecode.swift; path = "UIStackView + Util.swift"; sourceTree = "<group>"; };
		63527D8F24226049002B21C5 /* FormRadioButton.swift */ = {isa = PBXFileReference; lastKnownFileType = sourcecode.swift; path = FormRadioButton.swift; sourceTree = "<group>"; };
		63527D9124226E50002B21C5 /* FormInputSection.swift */ = {isa = PBXFileReference; lastKnownFileType = sourcecode.swift; path = FormInputSection.swift; sourceTree = "<group>"; };
		63527D9324226FCD002B21C5 /* FormTextField.swift */ = {isa = PBXFileReference; lastKnownFileType = sourcecode.swift; path = FormTextField.swift; sourceTree = "<group>"; };
		63527D95242283EC002B21C5 /* FormCheckBoxGroup.swift */ = {isa = PBXFileReference; lastKnownFileType = sourcecode.swift; path = FormCheckBoxGroup.swift; sourceTree = "<group>"; };
		63527D972422919E002B21C5 /* FormDatePicker.swift */ = {isa = PBXFileReference; lastKnownFileType = sourcecode.swift; path = FormDatePicker.swift; sourceTree = "<group>"; };
		63527D9924229AB4002B21C5 /* RegisteredData.swift */ = {isa = PBXFileReference; lastKnownFileType = sourcecode.swift; path = RegisteredData.swift; sourceTree = "<group>"; };
		63527D9B2422A3CD002B21C5 /* SummaryView.swift */ = {isa = PBXFileReference; lastKnownFileType = sourcecode.swift; path = SummaryView.swift; sourceTree = "<group>"; };
		63527D9D2422B0FF002B21C5 /* Collections + Util.swift */ = {isa = PBXFileReference; lastKnownFileType = sourcecode.swift; path = "Collections + Util.swift"; sourceTree = "<group>"; };
		63527D9F2422B642002B21C5 /* FadingScrollView.swift */ = {isa = PBXFileReference; lastKnownFileType = sourcecode.swift; path = FadingScrollView.swift; sourceTree = "<group>"; };
		63527DA1242379CA002B21C5 /* LocalDataManager.swift */ = {isa = PBXFileReference; lastKnownFileType = sourcecode.swift; path = LocalDataManager.swift; sourceTree = "<group>"; };
		6368F0CB24212E420010C071 /* Default-568h@2x.png */ = {isa = PBXFileReference; lastKnownFileType = image.png; path = "Default-568h@2x.png"; sourceTree = "<group>"; };
		6368F0CE242135F30010C071 /* UIColor + Util.swift */ = {isa = PBXFileReference; lastKnownFileType = sourcecode.swift; path = "UIColor + Util.swift"; sourceTree = "<group>"; };
		6368F0F924213F2E0010C071 /* Barlow-ThinItalic.ttf */ = {isa = PBXFileReference; lastKnownFileType = file; path = "Barlow-ThinItalic.ttf"; sourceTree = "<group>"; };
		6368F0FA24213F2E0010C071 /* Barlow-ExtraLight.ttf */ = {isa = PBXFileReference; lastKnownFileType = file; path = "Barlow-ExtraLight.ttf"; sourceTree = "<group>"; };
		6368F0FB24213F2E0010C071 /* Barlow-BlackItalic.ttf */ = {isa = PBXFileReference; lastKnownFileType = file; path = "Barlow-BlackItalic.ttf"; sourceTree = "<group>"; };
		6368F0FC24213F2E0010C071 /* Barlow-Italic.ttf */ = {isa = PBXFileReference; lastKnownFileType = file; path = "Barlow-Italic.ttf"; sourceTree = "<group>"; };
		6368F0FD24213F2E0010C071 /* Barlow-Light.ttf */ = {isa = PBXFileReference; lastKnownFileType = file; path = "Barlow-Light.ttf"; sourceTree = "<group>"; };
		6368F0FE24213F2E0010C071 /* Barlow-Black.ttf */ = {isa = PBXFileReference; lastKnownFileType = file; path = "Barlow-Black.ttf"; sourceTree = "<group>"; };
		6368F0FF24213F2E0010C071 /* Barlow-ExtraBoldItalic.ttf */ = {isa = PBXFileReference; lastKnownFileType = file; path = "Barlow-ExtraBoldItalic.ttf"; sourceTree = "<group>"; };
		6368F10024213F2E0010C071 /* Barlow-SemiBold.ttf */ = {isa = PBXFileReference; lastKnownFileType = file; path = "Barlow-SemiBold.ttf"; sourceTree = "<group>"; };
		6368F10124213F2E0010C071 /* Barlow-SemiBoldItalic.ttf */ = {isa = PBXFileReference; lastKnownFileType = file; path = "Barlow-SemiBoldItalic.ttf"; sourceTree = "<group>"; };
		6368F10224213F2E0010C071 /* Barlow-Thin.ttf */ = {isa = PBXFileReference; lastKnownFileType = file; path = "Barlow-Thin.ttf"; sourceTree = "<group>"; };
		6368F10324213F2E0010C071 /* Barlow-LightItalic.ttf */ = {isa = PBXFileReference; lastKnownFileType = file; path = "Barlow-LightItalic.ttf"; sourceTree = "<group>"; };
		6368F10424213F2E0010C071 /* Barlow-ExtraBold.ttf */ = {isa = PBXFileReference; lastKnownFileType = file; path = "Barlow-ExtraBold.ttf"; sourceTree = "<group>"; };
		6368F10524213F2E0010C071 /* Barlow-Regular.ttf */ = {isa = PBXFileReference; lastKnownFileType = file; path = "Barlow-Regular.ttf"; sourceTree = "<group>"; };
		6368F10624213F2E0010C071 /* Barlow-Bold.ttf */ = {isa = PBXFileReference; lastKnownFileType = file; path = "Barlow-Bold.ttf"; sourceTree = "<group>"; };
		6368F10724213F2E0010C071 /* Barlow-BoldItalic.ttf */ = {isa = PBXFileReference; lastKnownFileType = file; path = "Barlow-BoldItalic.ttf"; sourceTree = "<group>"; };
		6368F10824213F2E0010C071 /* Barlow-ExtraLightItalic.ttf */ = {isa = PBXFileReference; lastKnownFileType = file; path = "Barlow-ExtraLightItalic.ttf"; sourceTree = "<group>"; };
		6368F10924213F2E0010C071 /* Barlow-Medium.ttf */ = {isa = PBXFileReference; lastKnownFileType = file; path = "Barlow-Medium.ttf"; sourceTree = "<group>"; };
		6368F10A24213F2E0010C071 /* Barlow-MediumItalic.ttf */ = {isa = PBXFileReference; lastKnownFileType = file; path = "Barlow-MediumItalic.ttf"; sourceTree = "<group>"; };
		6368F11D242144040010C071 /* UIFont + Util.swift */ = {isa = PBXFileReference; lastKnownFileType = sourcecode.swift; path = "UIFont + Util.swift"; sourceTree = "<group>"; };
		6368F11F2421454E0010C071 /* LocationTrackingViewController.swift */ = {isa = PBXFileReference; lastKnownFileType = sourcecode.swift; path = LocationTrackingViewController.swift; sourceTree = "<group>"; };
		6368F1212421455F0010C071 /* SymptomsViewController.swift */ = {isa = PBXFileReference; lastKnownFileType = sourcecode.swift; path = SymptomsViewController.swift; sourceTree = "<group>"; };
		6368F1232421456A0010C071 /* ShareViewController.swift */ = {isa = PBXFileReference; lastKnownFileType = sourcecode.swift; path = ShareViewController.swift; sourceTree = "<group>"; };
		6368F125242145F90010C071 /* UIEdgeInsets + Util.swift */ = {isa = PBXFileReference; lastKnownFileType = sourcecode.swift; path = "UIEdgeInsets + Util.swift"; sourceTree = "<group>"; };
		6368F127242146B30010C071 /* UILabel + Util.swift */ = {isa = PBXFileReference; lastKnownFileType = sourcecode.swift; path = "UILabel + Util.swift"; sourceTree = "<group>"; };
		6368F12C242237440010C071 /* InfoBadge.swift */ = {isa = PBXFileReference; lastKnownFileType = sourcecode.swift; path = InfoBadge.swift; sourceTree = "<group>"; };
		6368F12E242238640010C071 /* UIImageView + Util.swift */ = {isa = PBXFileReference; lastKnownFileType = sourcecode.swift; path = "UIImageView + Util.swift"; sourceTree = "<group>"; };
		6368F130242239360010C071 /* UIView + Util.swift */ = {isa = PBXFileReference; lastKnownFileType = sourcecode.swift; path = "UIView + Util.swift"; sourceTree = "<group>"; };
		6368F13224223EAD0010C071 /* UIViewController + Util.swift */ = {isa = PBXFileReference; lastKnownFileType = sourcecode.swift; path = "UIViewController + Util.swift"; sourceTree = "<group>"; };
		6368F134242240AC0010C071 /* MainButton.swift */ = {isa = PBXFileReference; lastKnownFileType = sourcecode.swift; path = MainButton.swift; sourceTree = "<group>"; };
		6368F136242242E40010C071 /* UIControl + Util.swift */ = {isa = PBXFileReference; lastKnownFileType = sourcecode.swift; path = "UIControl + Util.swift"; sourceTree = "<group>"; };
		6368F138242253D60010C071 /* RegistrationForm.swift */ = {isa = PBXFileReference; lastKnownFileType = sourcecode.swift; path = RegistrationForm.swift; sourceTree = "<group>"; };
		783A30C6D2183ED81CB3A94B /* Pods-Covid19.release appstore.xcconfig */ = {isa = PBXFileReference; includeInIndex = 1; lastKnownFileType = text.xcconfig; name = "Pods-Covid19.release appstore.xcconfig"; path = "Target Support Files/Pods-Covid19/Pods-Covid19.release appstore.xcconfig"; sourceTree = "<group>"; };
		8E22C5BA6887897E28CCD003 /* Pods-Covid19.release.xcconfig */ = {isa = PBXFileReference; includeInIndex = 1; lastKnownFileType = text.xcconfig; name = "Pods-Covid19.release.xcconfig"; path = "Target Support Files/Pods-Covid19/Pods-Covid19.release.xcconfig"; sourceTree = "<group>"; };
		92715C682D31244C504DE276 /* Pods_Covid19.framework */ = {isa = PBXFileReference; explicitFileType = wrapper.framework; includeInIndex = 0; path = Pods_Covid19.framework; sourceTree = BUILT_PRODUCTS_DIR; };
		BBD482D618109C3BD53474AD /* Pods_Covid19Tests.framework */ = {isa = PBXFileReference; explicitFileType = wrapper.framework; includeInIndex = 0; path = Pods_Covid19Tests.framework; sourceTree = BUILT_PRODUCTS_DIR; };
		CCC094174D00706D722BFEAB /* Pods-Covid19Tests.release.xcconfig */ = {isa = PBXFileReference; includeInIndex = 1; lastKnownFileType = text.xcconfig; name = "Pods-Covid19Tests.release.xcconfig"; path = "Target Support Files/Pods-Covid19Tests/Pods-Covid19Tests.release.xcconfig"; sourceTree = "<group>"; };
		D788307DFA847B21B1B38F93 /* Pods-Covid19.debug.xcconfig */ = {isa = PBXFileReference; includeInIndex = 1; lastKnownFileType = text.xcconfig; name = "Pods-Covid19.debug.xcconfig"; path = "Target Support Files/Pods-Covid19/Pods-Covid19.debug.xcconfig"; sourceTree = "<group>"; };
		DC112C6124224C49007A3C09 /* Config.xcconfig */ = {isa = PBXFileReference; lastKnownFileType = text.xcconfig; path = Config.xcconfig; sourceTree = "<group>"; };
		DC112C6324224DE6007A3C09 /* Configuration.swift */ = {isa = PBXFileReference; lastKnownFileType = sourcecode.swift; path = Configuration.swift; sourceTree = "<group>"; };
		DCF3D70C2421214600671399 /* Smittesporing.app */ = {isa = PBXFileReference; explicitFileType = wrapper.application; includeInIndex = 0; path = Smittesporing.app; sourceTree = BUILT_PRODUCTS_DIR; };
		DCF3D70F2421214600671399 /* AppDelegate.swift */ = {isa = PBXFileReference; lastKnownFileType = sourcecode.swift; path = AppDelegate.swift; sourceTree = "<group>"; };
		DCF3D7132421214600671399 /* TabBarController.swift */ = {isa = PBXFileReference; lastKnownFileType = sourcecode.swift; path = TabBarController.swift; sourceTree = "<group>"; };
		DCF3D7182421214700671399 /* Assets.xcassets */ = {isa = PBXFileReference; lastKnownFileType = folder.assetcatalog; path = Assets.xcassets; sourceTree = "<group>"; };
		DCF3D71B2421214700671399 /* Base */ = {isa = PBXFileReference; lastKnownFileType = file.storyboard; name = Base; path = Base.lproj/LaunchScreen.storyboard; sourceTree = "<group>"; };
		DCF3D71D2421214700671399 /* Info.plist */ = {isa = PBXFileReference; lastKnownFileType = text.plist.xml; path = Info.plist; sourceTree = "<group>"; };
		DCF3D7222421214700671399 /* Covid19Tests.xctest */ = {isa = PBXFileReference; explicitFileType = wrapper.cfbundle; includeInIndex = 0; path = Covid19Tests.xctest; sourceTree = BUILT_PRODUCTS_DIR; };
		DCF3D7262421214700671399 /* Covid19Tests.swift */ = {isa = PBXFileReference; lastKnownFileType = sourcecode.swift; path = Covid19Tests.swift; sourceTree = "<group>"; };
		DCF3D7282421214700671399 /* Info.plist */ = {isa = PBXFileReference; lastKnownFileType = text.plist.xml; path = Info.plist; sourceTree = "<group>"; };
/* End PBXFileReference section */

/* Begin PBXFrameworksBuildPhase section */
		DCF3D7092421214600671399 /* Frameworks */ = {
			isa = PBXFrameworksBuildPhase;
			buildActionMask = 2147483647;
			files = (
				B058781D28D6684AA55E16A6 /* Pods_Covid19.framework in Frameworks */,
			);
			runOnlyForDeploymentPostprocessing = 0;
		};
		DCF3D71F2421214700671399 /* Frameworks */ = {
			isa = PBXFrameworksBuildPhase;
			buildActionMask = 2147483647;
			files = (
				D35398EA788E343BEFDBA985 /* Pods_Covid19Tests.framework in Frameworks */,
			);
			runOnlyForDeploymentPostprocessing = 0;
		};
/* End PBXFrameworksBuildPhase section */

/* Begin PBXGroup section */
		1D98F43B23756DEBAFEA98A2 /* Frameworks */ = {
			isa = PBXGroup;
			children = (
				92715C682D31244C504DE276 /* Pods_Covid19.framework */,
				BBD482D618109C3BD53474AD /* Pods_Covid19Tests.framework */,
			);
			name = Frameworks;
			sourceTree = "<group>";
		};
		6368F0CD242135E50010C071 /* UtilExtensions */ = {
			isa = PBXGroup;
			children = (
				6368F11D242144040010C071 /* UIFont + Util.swift */,
				63527D9D2422B0FF002B21C5 /* Collections + Util.swift */,
				6368F0CE242135F30010C071 /* UIColor + Util.swift */,
				6368F125242145F90010C071 /* UIEdgeInsets + Util.swift */,
				6368F12E242238640010C071 /* UIImageView + Util.swift */,
				6368F127242146B30010C071 /* UILabel + Util.swift */,
				6368F130242239360010C071 /* UIView + Util.swift */,
				6368F13224223EAD0010C071 /* UIViewController + Util.swift */,
				6368F136242242E40010C071 /* UIControl + Util.swift */,
				63527D8D24225D0A002B21C5 /* UIStackView + Util.swift */,
			);
			path = UtilExtensions;
			sourceTree = "<group>";
		};
		6368F0D224213D0C0010C071 /* Fonts */ = {
			isa = PBXGroup;
			children = (
				6368F0FE24213F2E0010C071 /* Barlow-Black.ttf */,
				6368F0FB24213F2E0010C071 /* Barlow-BlackItalic.ttf */,
				6368F10624213F2E0010C071 /* Barlow-Bold.ttf */,
				6368F10724213F2E0010C071 /* Barlow-BoldItalic.ttf */,
				6368F10424213F2E0010C071 /* Barlow-ExtraBold.ttf */,
				6368F0FF24213F2E0010C071 /* Barlow-ExtraBoldItalic.ttf */,
				6368F0FA24213F2E0010C071 /* Barlow-ExtraLight.ttf */,
				6368F10824213F2E0010C071 /* Barlow-ExtraLightItalic.ttf */,
				6368F0FC24213F2E0010C071 /* Barlow-Italic.ttf */,
				6368F0FD24213F2E0010C071 /* Barlow-Light.ttf */,
				6368F10324213F2E0010C071 /* Barlow-LightItalic.ttf */,
				6368F10924213F2E0010C071 /* Barlow-Medium.ttf */,
				6368F10A24213F2E0010C071 /* Barlow-MediumItalic.ttf */,
				6368F10524213F2E0010C071 /* Barlow-Regular.ttf */,
				6368F10024213F2E0010C071 /* Barlow-SemiBold.ttf */,
				6368F10124213F2E0010C071 /* Barlow-SemiBoldItalic.ttf */,
				6368F10224213F2E0010C071 /* Barlow-Thin.ttf */,
				6368F0F924213F2E0010C071 /* Barlow-ThinItalic.ttf */,
			);
			path = Fonts;
			sourceTree = "<group>";
		};
		6368F12B242237040010C071 /* ViewComponents */ = {
			isa = PBXGroup;
			children = (
				6368F12C242237440010C071 /* InfoBadge.swift */,
				63527D9F2422B642002B21C5 /* FadingScrollView.swift */,
				6368F134242240AC0010C071 /* MainButton.swift */,
				63527D8F24226049002B21C5 /* FormRadioButton.swift */,
				63527D9324226FCD002B21C5 /* FormTextField.swift */,
				63527D95242283EC002B21C5 /* FormCheckBoxGroup.swift */,
				63527D972422919E002B21C5 /* FormDatePicker.swift */,
			);
			path = ViewComponents;
			sourceTree = "<group>";
		};
		6368F13A242253F70010C071 /* LocationTracking */ = {
			isa = PBXGroup;
			children = (
				6368F11F2421454E0010C071 /* LocationTrackingViewController.swift */,
			);
			path = LocationTracking;
			sourceTree = "<group>";
		};
		6368F13B2422540C0010C071 /* Symptoms */ = {
			isa = PBXGroup;
			children = (
				6368F1212421455F0010C071 /* SymptomsViewController.swift */,
				63527D9B2422A3CD002B21C5 /* SummaryView.swift */,
				6368F138242253D60010C071 /* RegistrationForm.swift */,
				63527D9124226E50002B21C5 /* FormInputSection.swift */,
				63527D9924229AB4002B21C5 /* RegisteredData.swift */,
				63527DA1242379CA002B21C5 /* LocalDataManager.swift */,
			);
			path = Symptoms;
			sourceTree = "<group>";
		};
		6368F13C242254160010C071 /* Sharing */ = {
			isa = PBXGroup;
			children = (
				6368F1232421456A0010C071 /* ShareViewController.swift */,
			);
			path = Sharing;
			sourceTree = "<group>";
		};
		DCF3D7032421214600671399 = {
			isa = PBXGroup;
			children = (
				DC112C6124224C49007A3C09 /* Config.xcconfig */,
				6368F0CB24212E420010C071 /* Default-568h@2x.png */,
				DCF3D70E2421214600671399 /* Covid19 */,
				DCF3D7252421214700671399 /* Covid19Tests */,
				DCF3D70D2421214600671399 /* Products */,
				DD089116650E5126A695EC44 /* Pods */,
				1D98F43B23756DEBAFEA98A2 /* Frameworks */,
			);
			sourceTree = "<group>";
		};
		DCF3D70D2421214600671399 /* Products */ = {
			isa = PBXGroup;
			children = (
				DCF3D70C2421214600671399 /* Smittesporing.app */,
				DCF3D7222421214700671399 /* Covid19Tests.xctest */,
			);
			name = Products;
			sourceTree = "<group>";
		};
		DCF3D70E2421214600671399 /* Covid19 */ = {
			isa = PBXGroup;
			children = (
				6368F0D224213D0C0010C071 /* Fonts */,
				6368F0CD242135E50010C071 /* UtilExtensions */,
				6368F12B242237040010C071 /* ViewComponents */,
				DC112C6324224DE6007A3C09 /* Configuration.swift */,
				DCF3D70F2421214600671399 /* AppDelegate.swift */,
				DCF3D7132421214600671399 /* TabBarController.swift */,
				6368F13A242253F70010C071 /* LocationTracking */,
				6368F13B2422540C0010C071 /* Symptoms */,
				6368F13C242254160010C071 /* Sharing */,
				DCF3D7182421214700671399 /* Assets.xcassets */,
				DCF3D71A2421214700671399 /* LaunchScreen.storyboard */,
				DCF3D71D2421214700671399 /* Info.plist */,
			);
			path = Covid19;
			sourceTree = "<group>";
		};
		DCF3D7252421214700671399 /* Covid19Tests */ = {
			isa = PBXGroup;
			children = (
				DCF3D7262421214700671399 /* Covid19Tests.swift */,
				DCF3D7282421214700671399 /* Info.plist */,
			);
			path = Covid19Tests;
			sourceTree = "<group>";
		};
		DD089116650E5126A695EC44 /* Pods */ = {
			isa = PBXGroup;
			children = (
				D788307DFA847B21B1B38F93 /* Pods-Covid19.debug.xcconfig */,
				8E22C5BA6887897E28CCD003 /* Pods-Covid19.release.xcconfig */,
				022945E09DA313894CA9BFFD /* Pods-Covid19Tests.debug.xcconfig */,
				CCC094174D00706D722BFEAB /* Pods-Covid19Tests.release.xcconfig */,
				783A30C6D2183ED81CB3A94B /* Pods-Covid19.release appstore.xcconfig */,
				5C639BF04F0B1C69DC5F324D /* Pods-Covid19Tests.release appstore.xcconfig */,
			);
			path = Pods;
			sourceTree = "<group>";
		};
/* End PBXGroup section */

/* Begin PBXNativeTarget section */
		DCF3D70B2421214600671399 /* Covid19 */ = {
			isa = PBXNativeTarget;
			buildConfigurationList = DCF3D72B2421214700671399 /* Build configuration list for PBXNativeTarget "Covid19" */;
			buildPhases = (
				30D0E4EDB40A7037C6E029BD /* [CP] Check Pods Manifest.lock */,
				DCF3D7082421214600671399 /* Sources */,
				DCF3D7092421214600671399 /* Frameworks */,
				DCF3D70A2421214600671399 /* Resources */,
				F831D537C617887466109790 /* [CP] Embed Pods Frameworks */,
				8F6AA784C354800A8E05729A /* [CP] Copy Pods Resources */,
			);
			buildRules = (
			);
			dependencies = (
			);
			name = Covid19;
			productName = Covid19;
			productReference = DCF3D70C2421214600671399 /* Smittesporing.app */;
			productType = "com.apple.product-type.application";
		};
		DCF3D7212421214700671399 /* Covid19Tests */ = {
			isa = PBXNativeTarget;
			buildConfigurationList = DCF3D72E2421214700671399 /* Build configuration list for PBXNativeTarget "Covid19Tests" */;
			buildPhases = (
				592EC9BDD3245CC05F910957 /* [CP] Check Pods Manifest.lock */,
				DCF3D71E2421214700671399 /* Sources */,
				DCF3D71F2421214700671399 /* Frameworks */,
				DCF3D7202421214700671399 /* Resources */,
			);
			buildRules = (
			);
			dependencies = (
				DCF3D7242421214700671399 /* PBXTargetDependency */,
			);
			name = Covid19Tests;
			productName = Covid19Tests;
			productReference = DCF3D7222421214700671399 /* Covid19Tests.xctest */;
			productType = "com.apple.product-type.bundle.unit-test";
		};
/* End PBXNativeTarget section */

/* Begin PBXProject section */
		DCF3D7042421214600671399 /* Project object */ = {
			isa = PBXProject;
			attributes = {
				LastSwiftUpdateCheck = 1120;
				LastUpgradeCheck = 1120;
				ORGANIZATIONNAME = Agens;
				TargetAttributes = {
					DCF3D70B2421214600671399 = {
						CreatedOnToolsVersion = 11.2.1;
					};
					DCF3D7212421214700671399 = {
						CreatedOnToolsVersion = 11.2.1;
						TestTargetID = DCF3D70B2421214600671399;
					};
				};
			};
			buildConfigurationList = DCF3D7072421214600671399 /* Build configuration list for PBXProject "Covid19" */;
			compatibilityVersion = "Xcode 9.3";
			developmentRegion = en;
			hasScannedForEncodings = 0;
			knownRegions = (
				en,
				Base,
			);
			mainGroup = DCF3D7032421214600671399;
			productRefGroup = DCF3D70D2421214600671399 /* Products */;
			projectDirPath = "";
			projectRoot = "";
			targets = (
				DCF3D70B2421214600671399 /* Covid19 */,
				DCF3D7212421214700671399 /* Covid19Tests */,
			);
		};
/* End PBXProject section */

/* Begin PBXResourcesBuildPhase section */
		DCF3D70A2421214600671399 /* Resources */ = {
			isa = PBXResourcesBuildPhase;
			buildActionMask = 2147483647;
			files = (
				6368F11424213F2E0010C071 /* Barlow-Thin.ttf in Resources */,
				6368F11A24213F2E0010C071 /* Barlow-ExtraLightItalic.ttf in Resources */,
				6368F10F24213F2E0010C071 /* Barlow-Light.ttf in Resources */,
				6368F11924213F2E0010C071 /* Barlow-BoldItalic.ttf in Resources */,
				6368F11524213F2E0010C071 /* Barlow-LightItalic.ttf in Resources */,
				6368F11624213F2E0010C071 /* Barlow-ExtraBold.ttf in Resources */,
				6368F11B24213F2E0010C071 /* Barlow-Medium.ttf in Resources */,
				6368F11724213F2E0010C071 /* Barlow-Regular.ttf in Resources */,
				6368F10C24213F2E0010C071 /* Barlow-ExtraLight.ttf in Resources */,
				6368F11024213F2E0010C071 /* Barlow-Black.ttf in Resources */,
				6368F10E24213F2E0010C071 /* Barlow-Italic.ttf in Resources */,
				6368F11C24213F2E0010C071 /* Barlow-MediumItalic.ttf in Resources */,
				DCF3D71C2421214700671399 /* LaunchScreen.storyboard in Resources */,
				6368F11824213F2E0010C071 /* Barlow-Bold.ttf in Resources */,
				DCF3D7192421214700671399 /* Assets.xcassets in Resources */,
				6368F10D24213F2E0010C071 /* Barlow-BlackItalic.ttf in Resources */,
				6368F10B24213F2E0010C071 /* Barlow-ThinItalic.ttf in Resources */,
				6368F0CC24212E430010C071 /* Default-568h@2x.png in Resources */,
				6368F11224213F2E0010C071 /* Barlow-SemiBold.ttf in Resources */,
				6368F11324213F2E0010C071 /* Barlow-SemiBoldItalic.ttf in Resources */,
				6368F11124213F2E0010C071 /* Barlow-ExtraBoldItalic.ttf in Resources */,
			);
			runOnlyForDeploymentPostprocessing = 0;
		};
		DCF3D7202421214700671399 /* Resources */ = {
			isa = PBXResourcesBuildPhase;
			buildActionMask = 2147483647;
			files = (
			);
			runOnlyForDeploymentPostprocessing = 0;
		};
/* End PBXResourcesBuildPhase section */

/* Begin PBXShellScriptBuildPhase section */
		30D0E4EDB40A7037C6E029BD /* [CP] Check Pods Manifest.lock */ = {
			isa = PBXShellScriptBuildPhase;
			buildActionMask = 2147483647;
			files = (
			);
			inputFileListPaths = (
			);
			inputPaths = (
				"${PODS_PODFILE_DIR_PATH}/Podfile.lock",
				"${PODS_ROOT}/Manifest.lock",
			);
			name = "[CP] Check Pods Manifest.lock";
			outputFileListPaths = (
			);
			outputPaths = (
				"$(DERIVED_FILE_DIR)/Pods-Covid19-checkManifestLockResult.txt",
			);
			runOnlyForDeploymentPostprocessing = 0;
			shellPath = /bin/sh;
			shellScript = "diff \"${PODS_PODFILE_DIR_PATH}/Podfile.lock\" \"${PODS_ROOT}/Manifest.lock\" > /dev/null\nif [ $? != 0 ] ; then\n    # print error to STDERR\n    echo \"error: The sandbox is not in sync with the Podfile.lock. Run 'pod install' or update your CocoaPods installation.\" >&2\n    exit 1\nfi\n# This output is used by Xcode 'outputs' to avoid re-running this script phase.\necho \"SUCCESS\" > \"${SCRIPT_OUTPUT_FILE_0}\"\n";
			showEnvVarsInLog = 0;
		};
		592EC9BDD3245CC05F910957 /* [CP] Check Pods Manifest.lock */ = {
			isa = PBXShellScriptBuildPhase;
			buildActionMask = 2147483647;
			files = (
			);
			inputFileListPaths = (
			);
			inputPaths = (
				"${PODS_PODFILE_DIR_PATH}/Podfile.lock",
				"${PODS_ROOT}/Manifest.lock",
			);
			name = "[CP] Check Pods Manifest.lock";
			outputFileListPaths = (
			);
			outputPaths = (
				"$(DERIVED_FILE_DIR)/Pods-Covid19Tests-checkManifestLockResult.txt",
			);
			runOnlyForDeploymentPostprocessing = 0;
			shellPath = /bin/sh;
			shellScript = "diff \"${PODS_PODFILE_DIR_PATH}/Podfile.lock\" \"${PODS_ROOT}/Manifest.lock\" > /dev/null\nif [ $? != 0 ] ; then\n    # print error to STDERR\n    echo \"error: The sandbox is not in sync with the Podfile.lock. Run 'pod install' or update your CocoaPods installation.\" >&2\n    exit 1\nfi\n# This output is used by Xcode 'outputs' to avoid re-running this script phase.\necho \"SUCCESS\" > \"${SCRIPT_OUTPUT_FILE_0}\"\n";
			showEnvVarsInLog = 0;
		};
		8F6AA784C354800A8E05729A /* [CP] Copy Pods Resources */ = {
			isa = PBXShellScriptBuildPhase;
			buildActionMask = 2147483647;
			files = (
			);
			inputFileListPaths = (
				"${PODS_ROOT}/Target Support Files/Pods-Covid19/Pods-Covid19-resources-${CONFIGURATION}-input-files.xcfilelist",
			);
			name = "[CP] Copy Pods Resources";
			outputFileListPaths = (
				"${PODS_ROOT}/Target Support Files/Pods-Covid19/Pods-Covid19-resources-${CONFIGURATION}-output-files.xcfilelist",
			);
			runOnlyForDeploymentPostprocessing = 0;
			shellPath = /bin/sh;
			shellScript = "\"${PODS_ROOT}/Target Support Files/Pods-Covid19/Pods-Covid19-resources.sh\"\n";
			showEnvVarsInLog = 0;
		};
		F831D537C617887466109790 /* [CP] Embed Pods Frameworks */ = {
			isa = PBXShellScriptBuildPhase;
			buildActionMask = 2147483647;
			files = (
			);
			inputFileListPaths = (
				"${PODS_ROOT}/Target Support Files/Pods-Covid19/Pods-Covid19-frameworks-${CONFIGURATION}-input-files.xcfilelist",
			);
			name = "[CP] Embed Pods Frameworks";
			outputFileListPaths = (
				"${PODS_ROOT}/Target Support Files/Pods-Covid19/Pods-Covid19-frameworks-${CONFIGURATION}-output-files.xcfilelist",
			);
			runOnlyForDeploymentPostprocessing = 0;
			shellPath = /bin/sh;
			shellScript = "\"${PODS_ROOT}/Target Support Files/Pods-Covid19/Pods-Covid19-frameworks.sh\"\n";
			showEnvVarsInLog = 0;
		};
/* End PBXShellScriptBuildPhase section */

/* Begin PBXSourcesBuildPhase section */
		DCF3D7082421214600671399 /* Sources */ = {
			isa = PBXSourcesBuildPhase;
			buildActionMask = 2147483647;
			files = (
				6368F139242253D60010C071 /* RegistrationForm.swift in Sources */,
				63527DA2242379CA002B21C5 /* LocalDataManager.swift in Sources */,
				63527D9E2422B0FF002B21C5 /* Collections + Util.swift in Sources */,
				63527D96242283EC002B21C5 /* FormCheckBoxGroup.swift in Sources */,
				6368F1242421456A0010C071 /* ShareViewController.swift in Sources */,
				63527D8E24225D0A002B21C5 /* UIStackView + Util.swift in Sources */,
				DCF3D7142421214600671399 /* TabBarController.swift in Sources */,
				63527D9A24229AB4002B21C5 /* RegisteredData.swift in Sources */,
				6368F135242240AC0010C071 /* MainButton.swift in Sources */,
				DCF3D7102421214600671399 /* AppDelegate.swift in Sources */,
				6368F1222421455F0010C071 /* SymptomsViewController.swift in Sources */,
				63527D9024226049002B21C5 /* FormRadioButton.swift in Sources */,
				6368F11E242144040010C071 /* UIFont + Util.swift in Sources */,
				63527D9224226E50002B21C5 /* FormInputSection.swift in Sources */,
				6368F12D242237440010C071 /* InfoBadge.swift in Sources */,
				63527DA02422B642002B21C5 /* FadingScrollView.swift in Sources */,
				63527D9424226FCD002B21C5 /* FormTextField.swift in Sources */,
				6368F1202421454E0010C071 /* LocationTrackingViewController.swift in Sources */,
				6368F13324223EAD0010C071 /* UIViewController + Util.swift in Sources */,
				6368F12F242238640010C071 /* UIImageView + Util.swift in Sources */,
				6368F131242239360010C071 /* UIView + Util.swift in Sources */,
				6368F137242242E40010C071 /* UIControl + Util.swift in Sources */,
				DC112C6424224DE6007A3C09 /* Configuration.swift in Sources */,
				6368F126242145F90010C071 /* UIEdgeInsets + Util.swift in Sources */,
				63527D982422919E002B21C5 /* FormDatePicker.swift in Sources */,
				63527D9C2422A3CD002B21C5 /* SummaryView.swift in Sources */,
				6368F128242146B30010C071 /* UILabel + Util.swift in Sources */,
				6368F0CF242135F30010C071 /* UIColor + Util.swift in Sources */,
			);
			runOnlyForDeploymentPostprocessing = 0;
		};
		DCF3D71E2421214700671399 /* Sources */ = {
			isa = PBXSourcesBuildPhase;
			buildActionMask = 2147483647;
			files = (
				DCF3D7272421214700671399 /* Covid19Tests.swift in Sources */,
			);
			runOnlyForDeploymentPostprocessing = 0;
		};
/* End PBXSourcesBuildPhase section */

/* Begin PBXTargetDependency section */
		DCF3D7242421214700671399 /* PBXTargetDependency */ = {
			isa = PBXTargetDependency;
			target = DCF3D70B2421214600671399 /* Covid19 */;
			targetProxy = DCF3D7232421214700671399 /* PBXContainerItemProxy */;
		};
/* End PBXTargetDependency section */

/* Begin PBXVariantGroup section */
		DCF3D71A2421214700671399 /* LaunchScreen.storyboard */ = {
			isa = PBXVariantGroup;
			children = (
				DCF3D71B2421214700671399 /* Base */,
			);
			name = LaunchScreen.storyboard;
			sourceTree = "<group>";
		};
/* End PBXVariantGroup section */

/* Begin XCBuildConfiguration section */
		DC29B8E124214849005317F2 /* Release AppStore */ = {
			isa = XCBuildConfiguration;
			baseConfigurationReference = DC112C6124224C49007A3C09 /* Config.xcconfig */;
			buildSettings = {
				ALWAYS_SEARCH_USER_PATHS = NO;
				CLANG_ANALYZER_NONNULL = YES;
				CLANG_ANALYZER_NUMBER_OBJECT_CONVERSION = YES_AGGRESSIVE;
				CLANG_CXX_LANGUAGE_STANDARD = "gnu++14";
				CLANG_CXX_LIBRARY = "libc++";
				CLANG_ENABLE_MODULES = YES;
				CLANG_ENABLE_OBJC_ARC = YES;
				CLANG_ENABLE_OBJC_WEAK = YES;
				CLANG_WARN_BLOCK_CAPTURE_AUTORELEASING = YES;
				CLANG_WARN_BOOL_CONVERSION = YES;
				CLANG_WARN_COMMA = YES;
				CLANG_WARN_CONSTANT_CONVERSION = YES;
				CLANG_WARN_DEPRECATED_OBJC_IMPLEMENTATIONS = YES;
				CLANG_WARN_DIRECT_OBJC_ISA_USAGE = YES_ERROR;
				CLANG_WARN_DOCUMENTATION_COMMENTS = YES;
				CLANG_WARN_EMPTY_BODY = YES;
				CLANG_WARN_ENUM_CONVERSION = YES;
				CLANG_WARN_INFINITE_RECURSION = YES;
				CLANG_WARN_INT_CONVERSION = YES;
				CLANG_WARN_NON_LITERAL_NULL_CONVERSION = YES;
				CLANG_WARN_OBJC_IMPLICIT_RETAIN_SELF = YES;
				CLANG_WARN_OBJC_LITERAL_CONVERSION = YES;
				CLANG_WARN_OBJC_ROOT_CLASS = YES_ERROR;
				CLANG_WARN_RANGE_LOOP_ANALYSIS = YES;
				CLANG_WARN_STRICT_PROTOTYPES = YES;
				CLANG_WARN_SUSPICIOUS_MOVE = YES;
				CLANG_WARN_UNGUARDED_AVAILABILITY = YES_AGGRESSIVE;
				CLANG_WARN_UNREACHABLE_CODE = YES;
				CLANG_WARN__DUPLICATE_METHOD_MATCH = YES;
				COPY_PHASE_STRIP = NO;
				DEBUG_INFORMATION_FORMAT = "dwarf-with-dsym";
				DEVELOPMENT_TEAM = US7P5RSD3X;
				ENABLE_NS_ASSERTIONS = NO;
				ENABLE_STRICT_OBJC_MSGSEND = YES;
				GCC_C_LANGUAGE_STANDARD = gnu11;
				GCC_NO_COMMON_BLOCKS = YES;
				GCC_WARN_64_TO_32_BIT_CONVERSION = YES;
				GCC_WARN_ABOUT_RETURN_TYPE = YES_ERROR;
				GCC_WARN_UNDECLARED_SELECTOR = YES;
				GCC_WARN_UNINITIALIZED_AUTOS = YES_AGGRESSIVE;
				GCC_WARN_UNUSED_FUNCTION = YES;
				GCC_WARN_UNUSED_VARIABLE = YES;
				IPHONEOS_DEPLOYMENT_TARGET = 12.0;
				MTL_ENABLE_DEBUG_INFO = NO;
				MTL_FAST_MATH = YES;
				SDKROOT = iphoneos;
				SWIFT_COMPILATION_MODE = wholemodule;
				SWIFT_OPTIMIZATION_LEVEL = "-O";
				VALIDATE_PRODUCT = YES;
			};
			name = "Release AppStore";
		};
		DC29B8E224214849005317F2 /* Release AppStore */ = {
			isa = XCBuildConfiguration;
			baseConfigurationReference = 783A30C6D2183ED81CB3A94B /* Pods-Covid19.release appstore.xcconfig */;
			buildSettings = {
				ASSETCATALOG_COMPILER_APPICON_NAME = AppIcon;
				CODE_SIGN_IDENTITY = "iPhone Distribution";
				CODE_SIGN_STYLE = Manual;
				CURRENT_PROJECT_VERSION = 1;
				DEVELOPMENT_TEAM = 33KVL2LY9J;
				INFOPLIST_FILE = Covid19/Info.plist;
				LD_RUNPATH_SEARCH_PATHS = (
					"$(inherited)",
					"@executable_path/Frameworks",
				);
				OTHER_SWIFT_FLAGS = "$(inherited) -D COCOAPODS -D APPSTORE";
				PRODUCT_BUNDLE_IDENTIFIER = no.agens.covid19.appstore;
				PRODUCT_NAME = Smittesporing;
				PROVISIONING_PROFILE_SPECIFIER = "match AppStore no.agens.covid19.appstore";
				SWIFT_VERSION = 5.0;
				TARGETED_DEVICE_FAMILY = "1,2";
			};
			name = "Release AppStore";
		};
		DC29B8E324214849005317F2 /* Release AppStore */ = {
			isa = XCBuildConfiguration;
			baseConfigurationReference = 5C639BF04F0B1C69DC5F324D /* Pods-Covid19Tests.release appstore.xcconfig */;
			buildSettings = {
				ALWAYS_EMBED_SWIFT_STANDARD_LIBRARIES = YES;
				BUNDLE_LOADER = "$(TEST_HOST)";
				CODE_SIGN_STYLE = Automatic;
				DEVELOPMENT_TEAM = US7P5RSD3X;
				INFOPLIST_FILE = Covid19Tests/Info.plist;
				IPHONEOS_DEPLOYMENT_TARGET = 13.2;
				LD_RUNPATH_SEARCH_PATHS = (
					"$(inherited)",
					"@executable_path/Frameworks",
					"@loader_path/Frameworks",
				);
				PRODUCT_BUNDLE_IDENTIFIER = no.agens.Covid19Tests;
				PRODUCT_NAME = "$(TARGET_NAME)";
				SWIFT_VERSION = 5.0;
				TARGETED_DEVICE_FAMILY = "1,2";
				TEST_HOST = "$(BUILT_PRODUCTS_DIR)/Covid19.app/Covid19";
			};
			name = "Release AppStore";
		};
		DCF3D7292421214700671399 /* Debug */ = {
			isa = XCBuildConfiguration;
			baseConfigurationReference = DC112C6124224C49007A3C09 /* Config.xcconfig */;
			buildSettings = {
				ALWAYS_SEARCH_USER_PATHS = NO;
				CLANG_ANALYZER_NONNULL = YES;
				CLANG_ANALYZER_NUMBER_OBJECT_CONVERSION = YES_AGGRESSIVE;
				CLANG_CXX_LANGUAGE_STANDARD = "gnu++14";
				CLANG_CXX_LIBRARY = "libc++";
				CLANG_ENABLE_MODULES = YES;
				CLANG_ENABLE_OBJC_ARC = YES;
				CLANG_ENABLE_OBJC_WEAK = YES;
				CLANG_WARN_BLOCK_CAPTURE_AUTORELEASING = YES;
				CLANG_WARN_BOOL_CONVERSION = YES;
				CLANG_WARN_COMMA = YES;
				CLANG_WARN_CONSTANT_CONVERSION = YES;
				CLANG_WARN_DEPRECATED_OBJC_IMPLEMENTATIONS = YES;
				CLANG_WARN_DIRECT_OBJC_ISA_USAGE = YES_ERROR;
				CLANG_WARN_DOCUMENTATION_COMMENTS = YES;
				CLANG_WARN_EMPTY_BODY = YES;
				CLANG_WARN_ENUM_CONVERSION = YES;
				CLANG_WARN_INFINITE_RECURSION = YES;
				CLANG_WARN_INT_CONVERSION = YES;
				CLANG_WARN_NON_LITERAL_NULL_CONVERSION = YES;
				CLANG_WARN_OBJC_IMPLICIT_RETAIN_SELF = YES;
				CLANG_WARN_OBJC_LITERAL_CONVERSION = YES;
				CLANG_WARN_OBJC_ROOT_CLASS = YES_ERROR;
				CLANG_WARN_RANGE_LOOP_ANALYSIS = YES;
				CLANG_WARN_STRICT_PROTOTYPES = YES;
				CLANG_WARN_SUSPICIOUS_MOVE = YES;
				CLANG_WARN_UNGUARDED_AVAILABILITY = YES_AGGRESSIVE;
				CLANG_WARN_UNREACHABLE_CODE = YES;
				CLANG_WARN__DUPLICATE_METHOD_MATCH = YES;
				COPY_PHASE_STRIP = NO;
				DEBUG_INFORMATION_FORMAT = dwarf;
				DEVELOPMENT_TEAM = US7P5RSD3X;
				ENABLE_STRICT_OBJC_MSGSEND = YES;
				ENABLE_TESTABILITY = YES;
				GCC_C_LANGUAGE_STANDARD = gnu11;
				GCC_DYNAMIC_NO_PIC = NO;
				GCC_NO_COMMON_BLOCKS = YES;
				GCC_OPTIMIZATION_LEVEL = 0;
				GCC_PREPROCESSOR_DEFINITIONS = (
					"DEBUG=1",
					"$(inherited)",
				);
				GCC_WARN_64_TO_32_BIT_CONVERSION = YES;
				GCC_WARN_ABOUT_RETURN_TYPE = YES_ERROR;
				GCC_WARN_UNDECLARED_SELECTOR = YES;
				GCC_WARN_UNINITIALIZED_AUTOS = YES_AGGRESSIVE;
				GCC_WARN_UNUSED_FUNCTION = YES;
				GCC_WARN_UNUSED_VARIABLE = YES;
				IPHONEOS_DEPLOYMENT_TARGET = 12.0;
				MTL_ENABLE_DEBUG_INFO = INCLUDE_SOURCE;
				MTL_FAST_MATH = YES;
				ONLY_ACTIVE_ARCH = YES;
				SDKROOT = iphoneos;
				SWIFT_ACTIVE_COMPILATION_CONDITIONS = DEBUG;
				SWIFT_OPTIMIZATION_LEVEL = "-Onone";
			};
			name = Debug;
		};
		DCF3D72A2421214700671399 /* Release */ = {
			isa = XCBuildConfiguration;
			baseConfigurationReference = DC112C6124224C49007A3C09 /* Config.xcconfig */;
			buildSettings = {
				ALWAYS_SEARCH_USER_PATHS = NO;
				CLANG_ANALYZER_NONNULL = YES;
				CLANG_ANALYZER_NUMBER_OBJECT_CONVERSION = YES_AGGRESSIVE;
				CLANG_CXX_LANGUAGE_STANDARD = "gnu++14";
				CLANG_CXX_LIBRARY = "libc++";
				CLANG_ENABLE_MODULES = YES;
				CLANG_ENABLE_OBJC_ARC = YES;
				CLANG_ENABLE_OBJC_WEAK = YES;
				CLANG_WARN_BLOCK_CAPTURE_AUTORELEASING = YES;
				CLANG_WARN_BOOL_CONVERSION = YES;
				CLANG_WARN_COMMA = YES;
				CLANG_WARN_CONSTANT_CONVERSION = YES;
				CLANG_WARN_DEPRECATED_OBJC_IMPLEMENTATIONS = YES;
				CLANG_WARN_DIRECT_OBJC_ISA_USAGE = YES_ERROR;
				CLANG_WARN_DOCUMENTATION_COMMENTS = YES;
				CLANG_WARN_EMPTY_BODY = YES;
				CLANG_WARN_ENUM_CONVERSION = YES;
				CLANG_WARN_INFINITE_RECURSION = YES;
				CLANG_WARN_INT_CONVERSION = YES;
				CLANG_WARN_NON_LITERAL_NULL_CONVERSION = YES;
				CLANG_WARN_OBJC_IMPLICIT_RETAIN_SELF = YES;
				CLANG_WARN_OBJC_LITERAL_CONVERSION = YES;
				CLANG_WARN_OBJC_ROOT_CLASS = YES_ERROR;
				CLANG_WARN_RANGE_LOOP_ANALYSIS = YES;
				CLANG_WARN_STRICT_PROTOTYPES = YES;
				CLANG_WARN_SUSPICIOUS_MOVE = YES;
				CLANG_WARN_UNGUARDED_AVAILABILITY = YES_AGGRESSIVE;
				CLANG_WARN_UNREACHABLE_CODE = YES;
				CLANG_WARN__DUPLICATE_METHOD_MATCH = YES;
				COPY_PHASE_STRIP = NO;
				DEBUG_INFORMATION_FORMAT = "dwarf-with-dsym";
				DEVELOPMENT_TEAM = US7P5RSD3X;
				ENABLE_NS_ASSERTIONS = NO;
				ENABLE_STRICT_OBJC_MSGSEND = YES;
				GCC_C_LANGUAGE_STANDARD = gnu11;
				GCC_NO_COMMON_BLOCKS = YES;
				GCC_WARN_64_TO_32_BIT_CONVERSION = YES;
				GCC_WARN_ABOUT_RETURN_TYPE = YES_ERROR;
				GCC_WARN_UNDECLARED_SELECTOR = YES;
				GCC_WARN_UNINITIALIZED_AUTOS = YES_AGGRESSIVE;
				GCC_WARN_UNUSED_FUNCTION = YES;
				GCC_WARN_UNUSED_VARIABLE = YES;
				IPHONEOS_DEPLOYMENT_TARGET = 12.0;
				MTL_ENABLE_DEBUG_INFO = NO;
				MTL_FAST_MATH = YES;
				SDKROOT = iphoneos;
				SWIFT_COMPILATION_MODE = wholemodule;
				SWIFT_OPTIMIZATION_LEVEL = "-O";
				VALIDATE_PRODUCT = YES;
			};
			name = Release;
		};
		DCF3D72C2421214700671399 /* Debug */ = {
			isa = XCBuildConfiguration;
			baseConfigurationReference = D788307DFA847B21B1B38F93 /* Pods-Covid19.debug.xcconfig */;
			buildSettings = {
				ASSETCATALOG_COMPILER_APPICON_NAME = AppIcon;
				CODE_SIGN_IDENTITY = "iPhone Developer";
				CODE_SIGN_STYLE = Manual;
				CURRENT_PROJECT_VERSION = 1;
				DEVELOPMENT_TEAM = US7P5RSD3X;
				INFOPLIST_FILE = Covid19/Info.plist;
				LD_RUNPATH_SEARCH_PATHS = (
					"$(inherited)",
					"@executable_path/Frameworks",
				);
				OTHER_SWIFT_FLAGS = "$(inherited) -D COCOAPODS -D DEBUG";
				PRODUCT_BUNDLE_IDENTIFIER = no.agens.covid19;
				PRODUCT_NAME = Smittesporing;
				PROVISIONING_PROFILE_SPECIFIER = "match Development no.agens.covid19";
				SWIFT_VERSION = 5.0;
				TARGETED_DEVICE_FAMILY = "1,2";
			};
			name = Debug;
		};
		DCF3D72D2421214700671399 /* Release */ = {
			isa = XCBuildConfiguration;
			baseConfigurationReference = 8E22C5BA6887897E28CCD003 /* Pods-Covid19.release.xcconfig */;
			buildSettings = {
				ASSETCATALOG_COMPILER_APPICON_NAME = AppIcon;
				CODE_SIGN_IDENTITY = "iPhone Distribution";
				CODE_SIGN_STYLE = Manual;
				CURRENT_PROJECT_VERSION = 1;
				DEVELOPMENT_TEAM = US7P5RSD3X;
				INFOPLIST_FILE = Covid19/Info.plist;
				LD_RUNPATH_SEARCH_PATHS = (
					"$(inherited)",
					"@executable_path/Frameworks",
				);
				OTHER_SWIFT_FLAGS = "$(inherited) -D COCOAPODS -D RELEASE";
				PRODUCT_BUNDLE_IDENTIFIER = no.agens.covid19;
				PRODUCT_NAME = Smittesporing;
				PROVISIONING_PROFILE_SPECIFIER = "match InHouse no.agens.Covid19";
				SWIFT_VERSION = 5.0;
				TARGETED_DEVICE_FAMILY = "1,2";
			};
			name = Release;
		};
		DCF3D72F2421214700671399 /* Debug */ = {
			isa = XCBuildConfiguration;
			baseConfigurationReference = 022945E09DA313894CA9BFFD /* Pods-Covid19Tests.debug.xcconfig */;
			buildSettings = {
				ALWAYS_EMBED_SWIFT_STANDARD_LIBRARIES = YES;
				BUNDLE_LOADER = "$(TEST_HOST)";
				CODE_SIGN_STYLE = Automatic;
				DEVELOPMENT_TEAM = US7P5RSD3X;
				INFOPLIST_FILE = Covid19Tests/Info.plist;
				IPHONEOS_DEPLOYMENT_TARGET = 13.2;
				LD_RUNPATH_SEARCH_PATHS = (
					"$(inherited)",
					"@executable_path/Frameworks",
					"@loader_path/Frameworks",
				);
				PRODUCT_BUNDLE_IDENTIFIER = no.agens.Covid19Tests;
				PRODUCT_NAME = "$(TARGET_NAME)";
				SWIFT_VERSION = 5.0;
				TARGETED_DEVICE_FAMILY = "1,2";
				TEST_HOST = "$(BUILT_PRODUCTS_DIR)/Covid19.app/Covid19";
			};
			name = Debug;
		};
		DCF3D7302421214700671399 /* Release */ = {
			isa = XCBuildConfiguration;
			baseConfigurationReference = CCC094174D00706D722BFEAB /* Pods-Covid19Tests.release.xcconfig */;
			buildSettings = {
				ALWAYS_EMBED_SWIFT_STANDARD_LIBRARIES = YES;
				BUNDLE_LOADER = "$(TEST_HOST)";
				CODE_SIGN_STYLE = Automatic;
				DEVELOPMENT_TEAM = US7P5RSD3X;
				INFOPLIST_FILE = Covid19Tests/Info.plist;
				IPHONEOS_DEPLOYMENT_TARGET = 13.2;
				LD_RUNPATH_SEARCH_PATHS = (
					"$(inherited)",
					"@executable_path/Frameworks",
					"@loader_path/Frameworks",
				);
				PRODUCT_BUNDLE_IDENTIFIER = no.agens.Covid19Tests;
				PRODUCT_NAME = "$(TARGET_NAME)";
				SWIFT_VERSION = 5.0;
				TARGETED_DEVICE_FAMILY = "1,2";
				TEST_HOST = "$(BUILT_PRODUCTS_DIR)/Covid19.app/Covid19";
			};
			name = Release;
		};
/* End XCBuildConfiguration section */

/* Begin XCConfigurationList section */
		DCF3D7072421214600671399 /* Build configuration list for PBXProject "Covid19" */ = {
			isa = XCConfigurationList;
			buildConfigurations = (
				DCF3D7292421214700671399 /* Debug */,
				DCF3D72A2421214700671399 /* Release */,
				DC29B8E124214849005317F2 /* Release AppStore */,
			);
			defaultConfigurationIsVisible = 0;
			defaultConfigurationName = Release;
		};
		DCF3D72B2421214700671399 /* Build configuration list for PBXNativeTarget "Covid19" */ = {
			isa = XCConfigurationList;
			buildConfigurations = (
				DCF3D72C2421214700671399 /* Debug */,
				DCF3D72D2421214700671399 /* Release */,
				DC29B8E224214849005317F2 /* Release AppStore */,
			);
			defaultConfigurationIsVisible = 0;
			defaultConfigurationName = Release;
		};
		DCF3D72E2421214700671399 /* Build configuration list for PBXNativeTarget "Covid19Tests" */ = {
			isa = XCConfigurationList;
			buildConfigurations = (
				DCF3D72F2421214700671399 /* Debug */,
				DCF3D7302421214700671399 /* Release */,
				DC29B8E324214849005317F2 /* Release AppStore */,
			);
			defaultConfigurationIsVisible = 0;
			defaultConfigurationName = Release;
		};
/* End XCConfigurationList section */
	};
	rootObject = DCF3D7042421214600671399 /* Project object */;
}
